
Microsoft Visual Studio Solution File, Format Version 12.00
# Visual Studio Version 17
VisualStudioVersion = 17.13.35825.156 d17.13
MinimumVisualStudioVersion = 10.0.40219.1
Project("{FAE04EC0-301F-11D3-BF4B-00C04F79EFBC}") = "PerpustakaanAPI", "PerpustakaanAPI\PerpustakaanAPI.csproj", "{EDBF46E6-1DCD-4C61-8792-5193920CF832}"
EndProject
Global
	GlobalSection(SolutionConfigurationPlatforms) = preSolution
		Debug|Any CPU = Debug|Any CPU
		Release|Any CPU = Release|Any CPU
	EndGlobalSection
	GlobalSection(ProjectConfigurationPlatforms) = postSolution
		{EDBF46E6-1DCD-4C61-8792-5193920CF832}.Debug|Any CPU.ActiveCfg = Debug|Any CPU
		{EDBF46E6-1DCD-4C61-8792-5193920CF832}.Debug|Any CPU.Build.0 = Debug|Any CPU
		{EDBF46E6-1DCD-4C61-8792-5193920CF832}.Release|Any CPU.ActiveCfg = Release|Any CPU
		{EDBF46E6-1DCD-4C61-8792-5193920CF832}.Release|Any CPU.Build.0 = Release|Any CPU
	EndGlobalSection
	GlobalSection(SolutionProperties) = preSolution
		HideSolutionNode = FALSE
	EndGlobalSection
	GlobalSection(ExtensibilityGlobals) = postSolution
		SolutionGuid = {BD87E66B-D1B2-431C-AD3C-D5C651B0AF71}
	EndGlobalSection
EndGlobal
